
Microsoft Visual Studio Solution File, Format Version 12.00
# Visual Studio Version 16
VisualStudioVersion = 16.0.31729.503
MinimumVisualStudioVersion = 10.0.40219.1
Project("{9A19103F-16F7-4668-BE54-9A1E7A4F7556}") = "Puzzle.Masroofi.Core", "Puzzle.Masroofi.Core\Puzzle.Masroofi.Core.csproj", "{C9FA920E-94F2-495B-8A92-BD091350A74D}"
EndProject
Project("{9A19103F-16F7-4668-BE54-9A1E7A4F7556}") = "Puzzle.Masroofi.Infrastructure", "Puzzle.Masroofi.Infrastructure\Puzzle.Masroofi.Infrastructure.csproj", "{ABCF994F-F6D1-44D0-9B5D-31BCEA77594E}"
EndProject
Project("{9A19103F-16F7-4668-BE54-9A1E7A4F7556}") = "Puzzle.Masroofi.ServiceInterface", "Puzzle.Masroofi.ServiceInterface\Puzzle.Masroofi.ServiceInterface.csproj", "{4F970C7B-F61A-4FF7-847C-73E2C4C31E9A}"
EndProject
Project("{9A19103F-16F7-4668-BE54-9A1E7A4F7556}") = "Puzzle.Masroofi.WebApiAdmin", "Puzzle.Masroofi.WebApiAdmin\Puzzle.Masroofi.WebApiAdmin.csproj", "{223E5D86-9899-41B3-A900-D3192A644A07}"
EndProject
Project("{9A19103F-16F7-4668-BE54-9A1E7A4F7556}") = "Puzzle.Masroofi.WebApiParents", "Puzzle.Masroofi.WebApiParents\Puzzle.Masroofi.WebApiParents.csproj", "{7BD25075-E035-4BE2-A79F-8856F1ECD60F}"
EndProject
Project("{9A19103F-16F7-4668-BE54-9A1E7A4F7556}") = "Puzzle.Masroofi.WebApiLogin", "Puzzle.Masroofi.WebApiLogin\Puzzle.Masroofi.WebApiLogin.csproj", "{F11940F2-AADF-4A6B-B040-E949DBCC1545}"
EndProject
Project("{9A19103F-16F7-4668-BE54-9A1E7A4F7556}") = "Puzzle.Masroofi.WebApiAtmTransactions", "Puzzle.Masroofi.WebApiAtmTransactions\Puzzle.Masroofi.WebApiAtmTransactions.csproj", "{D815ADDE-D4FF-4DA0-B576-326DDF3402F7}"
EndProject
Project("{9A19103F-16F7-4668-BE54-9A1E7A4F7556}") = "Puzzle.Masroofi.WebApiVendors", "Puzzle.Masroofi.WebApiVendors\Puzzle.Masroofi.WebApiVendors.csproj", "{6E593C54-7829-4AA8-9BB2-790E9F5680B9}"
EndProject
Project("{2150E333-8FDC-42A3-9474-1A3956D46DE8}") = "Solution Items", "Solution Items", "{BF8C0343-BE9B-47FE-94D5-627D3AF28E03}"
	ProjectSection(SolutionItems) = preProject
		.editorconfig = .editorconfig
	EndProjectSection
EndProject
Project("{FAE04EC0-301F-11D3-BF4B-00C04F79EFBC}") = "Puzzle.Masroofi.SendNotification", "Puzzle.Masroofi.SendNotification\Puzzle.Masroofi.SendNotification.csproj", "{57A2740D-AB4C-4BCA-ACC7-BC39B3AE9E34}"
EndProject
Global
	GlobalSection(SolutionConfigurationPlatforms) = preSolution
		Debug|Any CPU = Debug|Any CPU
		Release|Any CPU = Release|Any CPU
	EndGlobalSection
	GlobalSection(ProjectConfigurationPlatforms) = postSolution
		{C9FA920E-94F2-495B-8A92-BD091350A74D}.Debug|Any CPU.ActiveCfg = Debug|Any CPU
		{C9FA920E-94F2-495B-8A92-BD091350A74D}.Debug|Any CPU.Build.0 = Debug|Any CPU
		{C9FA920E-94F2-495B-8A92-BD091350A74D}.Release|Any CPU.ActiveCfg = Release|Any CPU
		{C9FA920E-94F2-495B-8A92-BD091350A74D}.Release|Any CPU.Build.0 = Release|Any CPU
		{ABCF994F-F6D1-44D0-9B5D-31BCEA77594E}.Debug|Any CPU.ActiveCfg = Debug|Any CPU
		{ABCF994F-F6D1-44D0-9B5D-31BCEA77594E}.Debug|Any CPU.Build.0 = Debug|Any CPU
		{ABCF994F-F6D1-44D0-9B5D-31BCEA77594E}.Release|Any CPU.ActiveCfg = Release|Any CPU
		{ABCF994F-F6D1-44D0-9B5D-31BCEA77594E}.Release|Any CPU.Build.0 = Release|Any CPU
		{4F970C7B-F61A-4FF7-847C-73E2C4C31E9A}.Debug|Any CPU.ActiveCfg = Debug|Any CPU
		{4F970C7B-F61A-4FF7-847C-73E2C4C31E9A}.Debug|Any CPU.Build.0 = Debug|Any CPU
		{4F970C7B-F61A-4FF7-847C-73E2C4C31E9A}.Release|Any CPU.ActiveCfg = Release|Any CPU
		{4F970C7B-F61A-4FF7-847C-73E2C4C31E9A}.Release|Any CPU.Build.0 = Release|Any CPU
		{223E5D86-9899-41B3-A900-D3192A644A07}.Debug|Any CPU.ActiveCfg = Debug|Any CPU
		{223E5D86-9899-41B3-A900-D3192A644A07}.Debug|Any CPU.Build.0 = Debug|Any CPU
		{223E5D86-9899-41B3-A900-D3192A644A07}.Release|Any CPU.ActiveCfg = Release|Any CPU
		{223E5D86-9899-41B3-A900-D3192A644A07}.Release|Any CPU.Build.0 = Release|Any CPU
		{7BD25075-E035-4BE2-A79F-8856F1ECD60F}.Debug|Any CPU.ActiveCfg = Debug|Any CPU
		{7BD25075-E035-4BE2-A79F-8856F1ECD60F}.Debug|Any CPU.Build.0 = Debug|Any CPU
		{7BD25075-E035-4BE2-A79F-8856F1ECD60F}.Release|Any CPU.ActiveCfg = Release|Any CPU
		{7BD25075-E035-4BE2-A79F-8856F1ECD60F}.Release|Any CPU.Build.0 = Release|Any CPU
		{F11940F2-AADF-4A6B-B040-E949DBCC1545}.Debug|Any CPU.ActiveCfg = Debug|Any CPU
		{F11940F2-AADF-4A6B-B040-E949DBCC1545}.Debug|Any CPU.Build.0 = Debug|Any CPU
		{F11940F2-AADF-4A6B-B040-E949DBCC1545}.Release|Any CPU.ActiveCfg = Release|Any CPU
		{F11940F2-AADF-4A6B-B040-E949DBCC1545}.Release|Any CPU.Build.0 = Release|Any CPU
		{D815ADDE-D4FF-4DA0-B576-326DDF3402F7}.Debug|Any CPU.ActiveCfg = Debug|Any CPU
		{D815ADDE-D4FF-4DA0-B576-326DDF3402F7}.Debug|Any CPU.Build.0 = Debug|Any CPU
		{D815ADDE-D4FF-4DA0-B576-326DDF3402F7}.Release|Any CPU.ActiveCfg = Release|Any CPU
		{D815ADDE-D4FF-4DA0-B576-326DDF3402F7}.Release|Any CPU.Build.0 = Release|Any CPU
		{6E593C54-7829-4AA8-9BB2-790E9F5680B9}.Debug|Any CPU.ActiveCfg = Debug|Any CPU
		{6E593C54-7829-4AA8-9BB2-790E9F5680B9}.Debug|Any CPU.Build.0 = Debug|Any CPU
		{6E593C54-7829-4AA8-9BB2-790E9F5680B9}.Release|Any CPU.ActiveCfg = Release|Any CPU
		{6E593C54-7829-4AA8-9BB2-790E9F5680B9}.Release|Any CPU.Build.0 = Release|Any CPU
		{57A2740D-AB4C-4BCA-ACC7-BC39B3AE9E34}.Debug|Any CPU.ActiveCfg = Debug|Any CPU
		{57A2740D-AB4C-4BCA-ACC7-BC39B3AE9E34}.Debug|Any CPU.Build.0 = Debug|Any CPU
		{57A2740D-AB4C-4BCA-ACC7-BC39B3AE9E34}.Release|Any CPU.ActiveCfg = Release|Any CPU
		{57A2740D-AB4C-4BCA-ACC7-BC39B3AE9E34}.Release|Any CPU.Build.0 = Release|Any CPU
	EndGlobalSection
	GlobalSection(SolutionProperties) = preSolution
		HideSolutionNode = FALSE
	EndGlobalSection
	GlobalSection(ExtensibilityGlobals) = postSolution
		SolutionGuid = {EC2826BD-8257-4C7B-8972-4F1B57B64959}
	EndGlobalSection
EndGlobal
